
Microsoft Visual Studio Solution File, Format Version 12.00
# Visual Studio Version 17
VisualStudioVersion = 17.11.35327.3
MinimumVisualStudioVersion = 10.0.40219.1
Project("{FAE04EC0-301F-11D3-BF4B-00C04F79EFBC}") = "BaiTap", "BaiTap\BaiTap.csproj", "{B4B32280-47D5-48CC-A8A6-E6822AB3563D}"
EndProject
Global
	GlobalSection(SolutionConfigurationPlatforms) = preSolution
		Debug|Any CPU = Debug|Any CPU
		Release|Any CPU = Release|Any CPU
	EndGlobalSection
	GlobalSection(ProjectConfigurationPlatforms) = postSolution
		{B4B32280-47D5-48CC-A8A6-E6822AB3563D}.Debug|Any CPU.ActiveCfg = Debug|Any CPU
		{B4B32280-47D5-48CC-A8A6-E6822AB3563D}.Debug|Any CPU.Build.0 = Debug|Any CPU
		{B4B32280-47D5-48CC-A8A6-E6822AB3563D}.Release|Any CPU.ActiveCfg = Release|Any CPU
		{B4B32280-47D5-48CC-A8A6-E6822AB3563D}.Release|Any CPU.Build.0 = Release|Any CPU
	EndGlobalSection
	GlobalSection(SolutionProperties) = preSolution
		HideSolutionNode = FALSE
	EndGlobalSection
	GlobalSection(ExtensibilityGlobals) = postSolution
		SolutionGuid = {94136DCD-E7DD-4D73-9971-7DE3913DD691}
	EndGlobalSection
EndGlobal
